version = 1
revision = 3
requires-python = ">=3.10, <3.14"

[[package]]
name = "aau-spritegen"
version = "0.1.1"
source = { editable = "." }
dependencies = [
    { name = "pyvips", extra = ["binary"] },
    { name = "typer" },
]

[package.dev-dependencies]
dev = [
    { name = "distro" },
    { name = "pyinstaller" },
]

[package.metadata]
requires-dist = [
    { name = "pyvips", extras = ["binary"], specifier = "==3.1.*" },
    { name = "typer", specifier = "==0.26.*" },
]

[package.metadata.requires-dev]
dev = [
    { name = "distro", specifier = "==1.9.*" },
    { name = "pyinstaller", specifier = "==6.20.*" },
]

[[package]]
name = "altgraph"
version = "0.17.5"
source = { registry = "https://pypi.org/simple" }
sdist = { url = "https://files.pythonhosted.org/packages/7e/f8/97fdf103f38fed6792a1601dbc16cc8aac56e7459a9fff08c812d8ae177a/altgraph-0.17.5.tar.gz", hash = "sha256:c87b395dd12fabde9c99573a9749d67da8d29ef9de0125c7f536699b4a9bc9e7", size = 48428, upload-time = "2025-11-21T20:35:50.583Z" }
wheels = [
    { url = "https://files.pythonhosted.org/packages/a9/ba/000a1996d4308bc65120167c21241a3b205464a2e0b58deda26ae8ac21d1/altgraph-0.17.5-py2.py3-none-any.whl", hash = "sha256:f3a22400bce1b0c701683820ac4f3b159cd301acab067c51c653e06961600597", size = 21228, upload-time = "2025-11-21T20:35:49.444Z" },
]

[[package]]
name = "annotated-doc"
version = "0.0.4"
source = { registry = "https://pypi.org/simple" }
sdist = { url = "https://files.pythonhosted.org/packages/57/ba/046ceea27344560984e26a590f90bc7f4a75b06701f653222458922b558c/annotated_doc-0.0.4.tar.gz", hash = "sha256:fbcda96e87e9c92ad167c2e53839e57503ecfda18804ea28102353485033faa4", size = 7288, upload-time = "2025-11-10T22:07:42.062Z" }
wheels = [
    { url = "https://files.pythonhosted.org/packages/1e/d3/26bf1008eb3d2daa8ef4cacc7f3bfdc11818d111f7e2d0201bc6e3b49d45/annotated_doc-0.0.4-py3-none-any.whl", hash = "sha256:571ac1dc6991c450b25a9c2d84a3705e2ae7a53467b5d111c24fa8baabbed320", size = 5303, upload-time = "2025-11-10T22:07:40.673Z" },
]

[[package]]
name = "cffi"
version = "2.0.0"
source = { registry = "https://pypi.org/simple" }
dependencies = [
    { name = "pycparser", marker = "implementation_name != 'PyPy'" },
]
sdist = { url = "https://files.pythonhosted.org/packages/eb/56/b1ba7935a17738ae8453301356628e8147c79dbb825bcbc73dc7401f9846/cffi-2.0.0.tar.gz", hash = "sha256:44d1b5909021139fe36001ae048dbdde8214afa20200eda0f64c068cac5d5529", size = 523588, upload-time = "2025-09-08T23:24:04.541Z" }
wheels = [
    { url = "https://files.pythonhosted.org/packages/93/d7/516d984057745a6cd96575eea814fe1edd6646ee6efd552fb7b0921dec83/cffi-2.0.0-cp310-cp310-macosx_10_13_x86_64.whl", hash = "sha256:0cf2d91ecc3fcc0625c2c530fe004f82c110405f101548512cce44322fa8ac44", size = 184283, upload-time = "2025-09-08T23:22:08.01Z" },
    { url = "https://files.pythonhosted.org/packages/9e/84/ad6a0b408daa859246f57c03efd28e5dd1b33c21737c2db84cae8c237aa5/cffi-2.0.0-cp310-cp310-macosx_11_0_arm64.whl", hash = "sha256:f73b96c41e3b2adedc34a7356e64c8eb96e03a3782b535e043a986276ce12a49", size = 180504, upload-time = "2025-09-08T23:22:10.637Z" },
    { url = "https://files.pythonhosted.org/packages/50/bd/b1a6362b80628111e6653c961f987faa55262b4002fcec42308cad1db680/cffi-2.0.0-cp310-cp310-manylinux1_i686.manylinux2014_i686.manylinux_2_17_i686.manylinux_2_5_i686.whl", hash = "sha256:53f77cbe57044e88bbd5ed26ac1d0514d2acf0591dd6bb02a3ae37f76811b80c", size = 208811, upload-time = "2025-09-08T23:22:12.267Z" },
    { url = "https://files.pythonhosted.org/packages/4f/27/6933a8b2562d7bd1fb595074cf99cc81fc3789f6a6c05cdabb46284a3188/cffi-2.0.0-cp310-cp310-manylinux2014_aarch64.manylinux_2_17_aarch64.whl", hash = "sha256:3e837e369566884707ddaf85fc1744b47575005c0a229de3327f8f9a20f4efeb", size = 216402, upload-time = "2025-09-08T23:22:13.455Z" },
    { url = "https://files.pythonhosted.org/packages/05/eb/b86f2a2645b62adcfff53b0dd97e8dfafb5c8aa864bd0d9a2c2049a0d551/cffi-2.0.0-cp310-cp310-manylinux2014_ppc64le.manylinux_2_17_ppc64le.whl", hash = "sha256:5eda85d6d1879e692d546a078b44251cdd08dd1cfb98dfb77b670c97cee49ea0", size = 203217, upload-time = "2025-09-08T23:22:14.596Z" },
    { url = "https://files.pythonhosted.org/packages/9f/e0/6cbe77a53acf5acc7c08cc186c9928864bd7c005f9efd0d126884858a5fe/cffi-2.0.0-cp310-cp310-manylinux2014_s390x.manylinux_2_17_s390x.whl", hash = "sha256:9332088d75dc3241c702d852d4671613136d90fa6881da7d770a483fd05248b4", size = 203079, upload-time = "2025-09-08T23:22:15.769Z" },
    { url = "https://files.pythonhosted.org/packages/98/29/9b366e70e243eb3d14a5cb488dfd3a0b6b2f1fb001a203f653b93ccfac88/cffi-2.0.0-cp310-cp310-manylinux2014_x86_64.manylinux_2_17_x86_64.whl", hash = "sha256:fc7de24befaeae77ba923797c7c87834c73648a05a4bde34b3b7e5588973a453", size = 216475, upload-time = "2025-09-08T23:22:17.427Z" },
    { url = "https://files.pythonhosted.org/packages/21/7a/13b24e70d2f90a322f2900c5d8e1f14fa7e2a6b3332b7309ba7b2ba51a5a/cffi-2.0.0-cp310-cp310-musllinux_1_2_aarch64.whl", hash = "sha256:cf364028c016c03078a23b503f02058f1814320a56ad535686f90565636a9495", size = 218829, upload-time = "2025-09-08T23:22:19.069Z" },
    { url = "https://files.pythonhosted.org/packages/60/99/c9dc110974c59cc981b1f5b66e1d8af8af764e00f0293266824d9c4254bc/cffi-2.0.0-cp310-cp310-musllinux_1_2_i686.whl", hash = "sha256:e11e82b744887154b182fd3e7e8512418446501191994dbf9c9fc1f32cc8efd5", size = 211211, upload-time = "2025-09-08T23:22:20.588Z" },
    { url = "https://files.pythonhosted.org/packages/49/72/ff2d12dbf21aca1b32a40ed792ee6b40f6dc3a9cf1644bd7ef6e95e0ac5e/cffi-2.0.0-cp310-cp310-musllinux_1_2_x86_64.whl", hash = "sha256:8ea985900c5c95ce9db1745f7933eeef5d314f0565b27625d9a10ec9881e1bfb", size = 218036, upload-time = "2025-09-08T23:22:22.143Z" },
    { url = "https://files.pythonhosted.org/packages/e2/cc/027d7fb82e58c48ea717149b03bcadcbdc293553edb283af792bd4bcbb3f/cffi-2.0.0-cp310-cp310-win32.whl", hash = "sha256:1f72fb8906754ac8a2cc3f9f5aaa298070652a0ffae577e0ea9bd480dc3c931a", size = 172184, upload-time = "2025-09-08T23:22:23.328Z" },
    { url = "https://files.pythonhosted.org/packages/33/fa/072dd15ae27fbb4e06b437eb6e944e75b068deb09e2a2826039e49ee2045/cffi-2.0.0-cp310-cp310-win_amd64.whl", hash = "sha256:b18a3ed7d5b3bd8d9ef7a8cb226502c6bf8308df1525e1cc676c3680e7176739", size = 182790, upload-time = "2025-09-08T23:22:24.752Z" },
    { url = "https://files.pythonhosted.org/packages/12/4a/3dfd5f7850cbf0d06dc84ba9aa00db766b52ca38d8b86e3a38314d52498c/cffi-2.0.0-cp311-cp311-macosx_10_13_x86_64.whl", hash = "sha256:b4c854ef3adc177950a8dfc81a86f5115d2abd545751a304c5bcf2c2c7283cfe", size = 184344, upload-time = "2025-09-08T23:22:26.456Z" },
    { url = "https://files.pythonhosted.org/packages/4f/8b/f0e4c441227ba756aafbe78f117485b25bb26b1c059d01f137fa6d14896b/cffi-2.0.0-cp311-cp311-macosx_11_0_arm64.whl", hash = "sha256:2de9a304e27f7596cd03d16f1b7c72219bd944e99cc52b84d0145aefb07cbd3c", size = 180560, upload-time = "2025-09-08T23:22:28.197Z" },
    { url = "https://files.pythonhosted.org/packages/b1/b7/1200d354378ef52ec227395d95c2576330fd22a869f7a70e88e1447eb234/cffi-2.0.0-cp311-cp311-manylinux1_i686.manylinux2014_i686.manylinux_2_17_i686.manylinux_2_5_i686.whl", hash = "sha256:baf5215e0ab74c16e2dd324e8ec067ef59e41125d3eade2b863d294fd5035c92", size = 209613, upload-time = "2025-09-08T23:22:29.475Z" },
    { url = "https://files.pythonhosted.org/packages/b8/56/6033f5e86e8cc9bb629f0077ba71679508bdf54a9a5e112a3c0b91870332/cffi-2.0.0-cp311-cp311-manylinux2014_aarch64.manylinux_2_17_aarch64.whl", hash = "sha256:730cacb21e1bdff3ce90babf007d0a0917cc3e6492f336c2f0134101e0944f93", size = 216476, upload-time = "2025-09-08T23:22:31.063Z" },
    { url = "https://files.pythonhosted.org/packages/dc/7f/55fecd70f7ece178db2f26128ec41430d8720f2d12ca97bf8f0a628207d5/cffi-2.0.0-cp311-cp311-manylinux2014_ppc64le.manylinux_2_17_ppc64le.whl", hash = "sha256:6824f87845e3396029f3820c206e459ccc91760e8fa24422f8b0c3d1731cbec5", size = 203374, upload-time = "2025-09-08T23:22:32.507Z" },
    { url = "https://files.pythonhosted.org/packages/84/ef/a7b77c8bdc0f77adc3b46888f1ad54be8f3b7821697a7b89126e829e676a/cffi-2.0.0-cp311-cp311-manylinux2014_s390x.manylinux_2_17_s390x.whl", hash = "sha256:9de40a7b0323d889cf8d23d1ef214f565ab154443c42737dfe52ff82cf857664", size = 202597, upload-time = "2025-09-08T23:22:34.132Z" },
    { url = "https://files.pythonhosted.org/packages/d7/91/500d892b2bf36529a75b77958edfcd5ad8e2ce4064ce2ecfeab2125d72d1/cffi-2.0.0-cp311-cp311-manylinux2014_x86_64.manylinux_2_17_x86_64.whl", hash = "sha256:8941aaadaf67246224cee8c3803777eed332a19d909b47e29c9842ef1e79ac26", size = 215574, upload-time = "2025-09-08T23:22:35.443Z" },
    { url = "https://files.pythonhosted.org/packages/44/64/58f6255b62b101093d5df22dcb752596066c7e89dd725e0afaed242a61be/cffi-2.0.0-cp311-cp311-musllinux_1_2_aarch64.whl", hash = "sha256:a05d0c237b3349096d3981b727493e22147f934b20f6f125a3eba8f994bec4a9", size = 218971, upload-time = "2025-09-08T23:22:36.805Z" },
    { url = "https://files.pythonhosted.org/packages/ab/49/fa72cebe2fd8a55fbe14956f9970fe8eb1ac59e5df042f603ef7c8ba0adc/cffi-2.0.0-cp311-cp311-musllinux_1_2_i686.whl", hash = "sha256:94698a9c5f91f9d138526b48fe26a199609544591f859c870d477351dc7b2414", size = 211972, upload-time = "2025-09-08T23:22:38.436Z" },
    { url = "https://files.pythonhosted.org/packages/0b/28/dd0967a76aab36731b6ebfe64dec4e981aff7e0608f60c2d46b46982607d/cffi-2.0.0-cp311-cp311-musllinux_1_2_x86_64.whl", hash = "sha256:5fed36fccc0612a53f1d4d9a816b50a36702c28a2aa880cb8a122b3466638743", size = 217078, upload-time = "2025-09-08T23:22:39.776Z" },
    { url = "https://files.pythonhosted.org/packages/2b/c0/015b25184413d7ab0a410775fdb4a50fca20f5589b5dab1dbbfa3baad8ce/cffi-2.0.0-cp311-cp311-win32.whl", hash = "sha256:c649e3a33450ec82378822b3dad03cc228b8f5963c0c12fc3b1e0ab940f768a5", size = 172076, upload-time = "2025-09-08T23:22:40.95Z" },
    { url = "https://files.pythonhosted.org/packages/ae/8f/dc5531155e7070361eb1b7e4c1a9d896d0cb21c49f807a6c03fd63fc877e/cffi-2.0.0-cp311-cp311-win_amd64.whl", hash = "sha256:66f011380d0e49ed280c789fbd08ff0d40968ee7b665575489afa95c98196ab5", size = 182820, upload-time = "2025-09-08T23:22:42.463Z" },
    { url = "https://files.pythonhosted.org/packages/95/5c/1b493356429f9aecfd56bc171285a4c4ac8697f76e9bbbbb105e537853a1/cffi-2.0.0-cp311-cp311-win_arm64.whl", hash = "sha256:c6638687455baf640e37344fe26d37c404db8b80d037c3d29f58fe8d1c3b194d", size = 177635, upload-time = "2025-09-08T23:22:43.623Z" },
    { url = "https://files.pythonhosted.org/packages/ea/47/4f61023ea636104d4f16ab488e268b93008c3d0bb76893b1b31db1f96802/cffi-2.0.0-cp312-cp312-macosx_10_13_x86_64.whl", hash = "sha256:6d02d6655b0e54f54c4ef0b94eb6be0607b70853c45ce98bd278dc7de718be5d", size = 185271, upload-time = "2025-09-08T23:22:44.795Z" },
    { url = "https://files.pythonhosted.org/packages/df/a2/781b623f57358e360d62cdd7a8c681f074a71d445418a776eef0aadb4ab4/cffi-2.0.0-cp312-cp312-macosx_11_0_arm64.whl", hash = "sha256:8eca2a813c1cb7ad4fb74d368c2ffbbb4789d377ee5bb8df98373c2cc0dee76c", size = 181048, upload-time = "2025-09-08T23:22:45.938Z" },
    { url = "https://files.pythonhosted.org/packages/ff/df/a4f0fbd47331ceeba3d37c2e51e9dfc9722498becbeec2bd8bc856c9538a/cffi-2.0.0-cp312-cp312-manylinux1_i686.manylinux2014_i686.manylinux_2_17_i686.manylinux_2_5_i686.whl", hash = "sha256:21d1152871b019407d8ac3985f6775c079416c282e431a4da6afe7aefd2bccbe", size = 212529, upload-time = "2025-09-08T23:22:47.349Z" },
    { url = "https://files.pythonhosted.org/packages/d5/72/12b5f8d3865bf0f87cf1404d8c374e7487dcf097a1c91c436e72e6badd83/cffi-2.0.0-cp312-cp312-manylinux2014_aarch64.manylinux_2_17_aarch64.whl", hash = "sha256:b21e08af67b8a103c71a250401c78d5e0893beff75e28c53c98f4de42f774062", size = 220097, upload-time = "2025-09-08T23:22:48.677Z" },
    { url = "https://files.pythonhosted.org/packages/c2/95/7a135d52a50dfa7c882ab0ac17e8dc11cec9d55d2c18dda414c051c5e69e/cffi-2.0.0-cp312-cp312-manylinux2014_ppc64le.manylinux_2_17_ppc64le.whl", hash = "sha256:1e3a615586f05fc4065a8b22b8152f0c1b00cdbc60596d187c2a74f9e3036e4e", size = 207983, upload-time = "2025-09-08T23:22:50.06Z" },
    { url = "https://files.pythonhosted.org/packages/3a/c8/15cb9ada8895957ea171c62dc78ff3e99159ee7adb13c0123c001a2546c1/cffi-2.0.0-cp312-cp312-manylinux2014_s390x.manylinux_2_17_s390x.whl", hash = "sha256:81afed14892743bbe14dacb9e36d9e0e504cd204e0b165062c488942b9718037", size = 206519, upload-time = "2025-09-08T23:22:51.364Z" },
    { url = "https://files.pythonhosted.org/packages/78/2d/7fa73dfa841b5ac06c7b8855cfc18622132e365f5b81d02230333ff26e9e/cffi-2.0.0-cp312-cp312-manylinux2014_x86_64.manylinux_2_17_x86_64.whl", hash = "sha256:3e17ed538242334bf70832644a32a7aae3d83b57567f9fd60a26257e992b79ba", size = 219572, upload-time = "2025-09-08T23:22:52.902Z" },
    { url = "https://files.pythonhosted.org/packages/07/e0/267e57e387b4ca276b90f0434ff88b2c2241ad72b16d31836adddfd6031b/cffi-2.0.0-cp312-cp312-musllinux_1_2_aarch64.whl", hash = "sha256:3925dd22fa2b7699ed2617149842d2e6adde22b262fcbfada50e3d195e4b3a94", size = 222963, upload-time = "2025-09-08T23:22:54.518Z" },
    { url = "https://files.pythonhosted.org/packages/b6/75/1f2747525e06f53efbd878f4d03bac5b859cbc11c633d0fb81432d98a795/cffi-2.0.0-cp312-cp312-musllinux_1_2_x86_64.whl", hash = "sha256:2c8f814d84194c9ea681642fd164267891702542f028a15fc97d4674b6206187", size = 221361, upload-time = "2025-09-08T23:22:55.867Z" },
    { url = "https://files.pythonhosted.org/packages/7b/2b/2b6435f76bfeb6bbf055596976da087377ede68df465419d192acf00c437/cffi-2.0.0-cp312-cp312-win32.whl", hash = "sha256:da902562c3e9c550df360bfa53c035b2f241fed6d9aef119048073680ace4a18", size = 172932, upload-time = "2025-09-08T23:22:57.188Z" },
    { url = "https://files.pythonhosted.org/packages/f8/ed/13bd4418627013bec4ed6e54283b1959cf6db888048c7cf4b4c3b5b36002/cffi-2.0.0-cp312-cp312-win_amd64.whl", hash = "sha256:da68248800ad6320861f129cd9c1bf96ca849a2771a59e0344e88681905916f5", size = 183557, upload-time = "2025-09-08T23:22:58.351Z" },
    { url = "https://files.pythonhosted.org/packages/95/31/9f7f93ad2f8eff1dbc1c3656d7ca5bfd8fb52c9d786b4dcf19b2d02217fa/cffi-2.0.0-cp312-cp312-win_arm64.whl", hash = "sha256:4671d9dd5ec934cb9a73e7ee9676f9362aba54f7f34910956b84d727b0d73fb6", size = 177762, upload-time = "2025-09-08T23:22:59.668Z" },
    { url = "https://files.pythonhosted.org/packages/4b/8d/a0a47a0c9e413a658623d014e91e74a50cdd2c423f7ccfd44086ef767f90/cffi-2.0.0-cp313-cp313-macosx_10_13_x86_64.whl", hash = "sha256:00bdf7acc5f795150faa6957054fbbca2439db2f775ce831222b66f192f03beb", size = 185230, upload-time = "2025-09-08T23:23:00.879Z" },
    { url = "https://files.pythonhosted.org/packages/4a/d2/a6c0296814556c68ee32009d9c2ad4f85f2707cdecfd7727951ec228005d/cffi-2.0.0-cp313-cp313-macosx_11_0_arm64.whl", hash = "sha256:45d5e886156860dc35862657e1494b9bae8dfa63bf56796f2fb56e1679fc0bca", size = 181043, upload-time = "2025-09-08T23:23:02.231Z" },
    { url = "https://files.pythonhosted.org/packages/b0/1e/d22cc63332bd59b06481ceaac49d6c507598642e2230f201649058a7e704/cffi-2.0.0-cp313-cp313-manylinux1_i686.manylinux2014_i686.manylinux_2_17_i686.manylinux_2_5_i686.whl", hash = "sha256:07b271772c100085dd28b74fa0cd81c8fb1a3ba18b21e03d7c27f3436a10606b", size = 212446, upload-time = "2025-09-08T23:23:03.472Z" },
    { url = "https://files.pythonhosted.org/packages/a9/f5/a2c23eb03b61a0b8747f211eb716446c826ad66818ddc7810cc2cc19b3f2/cffi-2.0.0-cp313-cp313-manylinux2014_aarch64.manylinux_2_17_aarch64.whl", hash = "sha256:d48a880098c96020b02d5a1f7d9251308510ce8858940e6fa99ece33f610838b", size = 220101, upload-time = "2025-09-08T23:23:04.792Z" },
    { url = "https://files.pythonhosted.org/packages/f2/7f/e6647792fc5850d634695bc0e6ab4111ae88e89981d35ac269956605feba/cffi-2.0.0-cp313-cp313-manylinux2014_ppc64le.manylinux_2_17_ppc64le.whl", hash = "sha256:f93fd8e5c8c0a4aa1f424d6173f14a892044054871c771f8566e4008eaa359d2", size = 207948, upload-time = "2025-09-08T23:23:06.127Z" },
    { url = "https://files.pythonhosted.org/packages/cb/1e/a5a1bd6f1fb30f22573f76533de12a00bf274abcdc55c8edab639078abb6/cffi-2.0.0-cp313-cp313-manylinux2014_s390x.manylinux_2_17_s390x.whl", hash = "sha256:dd4f05f54a52fb558f1ba9f528228066954fee3ebe629fc1660d874d040ae5a3", size = 206422, upload-time = "2025-09-08T23:23:07.753Z" },
    { url = "https://files.pythonhosted.org/packages/98/df/0a1755e750013a2081e863e7cd37e0cdd02664372c754e5560099eb7aa44/cffi-2.0.0-cp313-cp313-manylinux2014_x86_64.manylinux_2_17_x86_64.whl", hash = "sha256:c8d3b5532fc71b7a77c09192b4a5a200ea992702734a2e9279a37f2478236f26", size = 219499, upload-time = "2025-09-08T23:23:09.648Z" },
    { url = "https://files.pythonhosted.org/packages/50/e1/a969e687fcf9ea58e6e2a928ad5e2dd88cc12f6f0ab477e9971f2309b57c/cffi-2.0.0-cp313-cp313-musllinux_1_2_aarch64.whl", hash = "sha256:d9b29c1f0ae438d5ee9acb31cadee00a58c46cc9c0b2f9038c6b0b3470877a8c", size = 222928, upload-time = "2025-09-08T23:23:10.928Z" },
    { url = "https://files.pythonhosted.org/packages/36/54/0362578dd2c9e557a28ac77698ed67323ed5b9775ca9d3fe73fe191bb5d8/cffi-2.0.0-cp313-cp313-musllinux_1_2_x86_64.whl", hash = "sha256:6d50360be4546678fc1b79ffe7a66265e28667840010348dd69a314145807a1b", size = 221302, upload-time = "2025-09-08T23:23:12.42Z" },
    { url = "https://files.pythonhosted.org/packages/eb/6d/bf9bda840d5f1dfdbf0feca87fbdb64a918a69bca42cfa0ba7b137c48cb8/cffi-2.0.0-cp313-cp313-win32.whl", hash = "sha256:74a03b9698e198d47562765773b4a8309919089150a0bb17d829ad7b44b60d27", size = 172909, upload-time = "2025-09-08T23:23:14.32Z" },
    { url = "https://files.pythonhosted.org/packages/37/18/6519e1ee6f5a1e579e04b9ddb6f1676c17368a7aba48299c3759bbc3c8b3/cffi-2.0.0-cp313-cp313-win_amd64.whl", hash = "sha256:19f705ada2530c1167abacb171925dd886168931e0a7b78f5bffcae5c6b5be75", size = 183402, upload-time = "2025-09-08T23:23:15.535Z" },
    { url = "https://files.pythonhosted.org/packages/cb/0e/02ceeec9a7d6ee63bb596121c2c8e9b3a9e150936f4fbef6ca1943e6137c/cffi-2.0.0-cp313-cp313-win_arm64.whl", hash = "sha256:256f80b80ca3853f90c21b23ee78cd008713787b1b1e93eae9f3d6a7134abd91", size = 177780, upload-time = "2025-09-08T23:23:16.761Z" },
]

[[package]]
name = "colorama"
version = "0.4.6"
source = { registry = "https://pypi.org/simple" }
sdist = { url = "https://files.pythonhosted.org/packages/d8/53/6f443c9a4a8358a93a6792e2acffb9d9d5cb0a5cfd8802644b7b1c9a02e4/colorama-0.4.6.tar.gz", hash = "sha256:08695f5cb7ed6e0531a20572697297273c47b8cae5a63ffc6d6ed5c201be6e44", size = 27697, upload-time = "2022-10-25T02:36:22.414Z" }
wheels = [
    { url = "https://files.pythonhosted.org/packages/d1/d6/3965ed04c63042e047cb6a3e6ed1a63a35087b6a609aa3a15ed8ac56c221/colorama-0.4.6-py2.py3-none-any.whl", hash = "sha256:4f1d9991f5acc0ca119f9d443620b77f9d6b33703e51011c16baf57afb285fc6", size = 25335, upload-time = "2022-10-25T02:36:20.889Z" },
]

[[package]]
name = "distro"
version = "1.9.0"
source = { registry = "https://pypi.org/simple" }
sdist = { url = "https://files.pythonhosted.org/packages/fc/f8/98eea607f65de6527f8a2e8885fc8015d3e6f5775df186e443e0964a11c3/distro-1.9.0.tar.gz", hash = "sha256:2fa77c6fd8940f116ee1d6b94a2f90b13b5ea8d019b98bc8bafdcabcdd9bdbed", size = 60722, upload-time = "2023-12-24T09:54:32.31Z" }
wheels = [
    { url = "https://files.pythonhosted.org/packages/12/b3/231ffd4ab1fc9d679809f356cebee130ac7daa00d6d6f3206dd4fd137e9e/distro-1.9.0-py3-none-any.whl", hash = "sha256:7bffd925d65168f85027d8da9af6bddab658135b840670a223589bc0c8ef02b2", size = 20277, upload-time = "2023-12-24T09:54:30.421Z" },
]

[[package]]
name = "macholib"
version = "1.16.4"
source = { registry = "https://pypi.org/simple" }
dependencies = [
    { name = "altgraph" },
]
sdist = { url = "https://files.pythonhosted.org/packages/10/2f/97589876ea967487978071c9042518d28b958d87b17dceb7cdc1d881f963/macholib-1.16.4.tar.gz", hash = "sha256:f408c93ab2e995cd2c46e34fe328b130404be143469e41bc366c807448979362", size = 59427, upload-time = "2025-11-22T08:28:38.373Z" }
wheels = [
    { url = "https://files.pythonhosted.org/packages/c7/d1/a9f36f8ecdf0fb7c9b1e78c8d7af12b8c8754e74851ac7b94a8305540fc7/macholib-1.16.4-py2.py3-none-any.whl", hash = "sha256:da1a3fa8266e30f0ce7e97c6a54eefaae8edd1e5f86f3eb8b95457cae90265ea", size = 38117, upload-time = "2025-11-22T08:28:36.939Z" },
]

[[package]]
name = "markdown-it-py"
version = "4.2.0"
source = { registry = "https://pypi.org/simple" }
dependencies = [
    { name = "mdurl" },
]
sdist = { url = "https://files.pythonhosted.org/packages/06/ff/7841249c247aa650a76b9ee4bbaeae59370dc8bfd2f6c01f3630c35eb134/markdown_it_py-4.2.0.tar.gz", hash = "sha256:04a21681d6fbb623de53f6f364d352309d4094dd4194040a10fd51833e418d49", size = 82454, upload-time = "2026-05-07T12:08:28.36Z" }
wheels = [
    { url = "https://files.pythonhosted.org/packages/b3/81/4da04ced5a082363ecfa159c010d200ecbd959ae410c10c0264a38cac0f5/markdown_it_py-4.2.0-py3-none-any.whl", hash = "sha256:9f7ebbcd14fe59494226453aed97c1070d83f8d24b6fc3a3bcf9a38092641c4a", size = 91687, upload-time = "2026-05-07T12:08:27.182Z" },
]

[[package]]
name = "mdurl"
version = "0.1.2"
source = { registry = "https://pypi.org/simple" }
sdist = { url = "https://files.pythonhosted.org/packages/d6/54/cfe61301667036ec958cb99bd3efefba235e65cdeb9c84d24a8293ba1d90/mdurl-0.1.2.tar.gz", hash = "sha256:bb413d29f5eea38f31dd4754dd7377d4465116fb207585f97bf925588687c1ba", size = 8729, upload-time = "2022-08-14T12:40:10.846Z" }
wheels = [
    { url = "https://files.pythonhosted.org/packages/b3/38/89ba8ad64ae25be8de66a6d463314cf1eb366222074cfda9ee839c56a4b4/mdurl-0.1.2-py3-none-any.whl", hash = "sha256:84008a41e51615a49fc9966191ff91509e3c40b939176e643fd50a5c2196b8f8", size = 9979, upload-time = "2022-08-14T12:40:09.779Z" },
]

[[package]]
name = "packaging"
version = "26.2"
source = { registry = "https://pypi.org/simple" }
sdist = { url = "https://files.pythonhosted.org/packages/d7/f1/e7a6dd94a8d4a5626c03e4e99c87f241ba9e350cd9e6d75123f992427270/packaging-26.2.tar.gz", hash = "sha256:ff452ff5a3e828ce110190feff1178bb1f2ea2281fa2075aadb987c2fb221661", size = 228134, upload-time = "2026-04-24T20:15:23.917Z" }
wheels = [
    { url = "https://files.pythonhosted.org/packages/df/b2/87e62e8c3e2f4b32e5fe99e0b86d576da1312593b39f47d8ceef365e95ed/packaging-26.2-py3-none-any.whl", hash = "sha256:5fc45236b9446107ff2415ce77c807cee2862cb6fac22b8a73826d0693b0980e", size = 100195, upload-time = "2026-04-24T20:15:22.081Z" },
]

[[package]]
name = "pefile"
version = "2024.8.26"
source = { registry = "https://pypi.org/simple" }
sdist = { url = "https://files.pythonhosted.org/packages/03/4f/2750f7f6f025a1507cd3b7218691671eecfd0bbebebe8b39aa0fe1d360b8/pefile-2024.8.26.tar.gz", hash = "sha256:3ff6c5d8b43e8c37bb6e6dd5085658d658a7a0bdcd20b6a07b1fcfc1c4e9d632", size = 76008, upload-time = "2024-08-26T20:58:38.155Z" }
wheels = [
    { url = "https://files.pythonhosted.org/packages/54/16/12b82f791c7f50ddec566873d5bdd245baa1491bac11d15ffb98aecc8f8b/pefile-2024.8.26-py3-none-any.whl", hash = "sha256:76f8b485dcd3b1bb8166f1128d395fa3d87af26360c2358fb75b80019b957c6f", size = 74766, upload-time = "2024-08-26T21:01:02.632Z" },
]

[[package]]
name = "pycparser"
version = "3.0"
source = { registry = "https://pypi.org/simple" }
sdist = { url = "https://files.pythonhosted.org/packages/1b/7d/92392ff7815c21062bea51aa7b87d45576f649f16458d78b7cf94b9ab2e6/pycparser-3.0.tar.gz", hash = "sha256:600f49d217304a5902ac3c37e1281c9fe94e4d0489de643a9504c5cdfdfc6b29", size = 103492, upload-time = "2026-01-21T14:26:51.89Z" }
wheels = [
    { url = "https://files.pythonhosted.org/packages/0c/c3/44f3fbbfa403ea2a7c779186dc20772604442dde72947e7d01069cbe98e3/pycparser-3.0-py3-none-any.whl", hash = "sha256:b727414169a36b7d524c1c3e31839a521725078d7b2ff038656844266160a992", size = 48172, upload-time = "2026-01-21T14:26:50.693Z" },
]

[[package]]
name = "pygments"
version = "2.20.0"
source = { registry = "https://pypi.org/simple" }
sdist = { url = "https://files.pythonhosted.org/packages/c3/b2/bc9c9196916376152d655522fdcebac55e66de6603a76a02bca1b6414f6c/pygments-2.20.0.tar.gz", hash = "sha256:6757cd03768053ff99f3039c1a36d6c0aa0b263438fcab17520b30a303a82b5f", size = 4955991, upload-time = "2026-03-29T13:29:33.898Z" }
wheels = [
    { url = "https://files.pythonhosted.org/packages/f4/7e/a72dd26f3b0f4f2bf1dd8923c85f7ceb43172af56d63c7383eb62b332364/pygments-2.20.0-py3-none-any.whl", hash = "sha256:81a9e26dd42fd28a23a2d169d86d7ac03b46e2f8b59ed4698fb4785f946d0176", size = 1231151, upload-time = "2026-03-29T13:29:30.038Z" },
]

[[package]]
name = "pyinstaller"
version = "6.20.0"
source = { registry = "https://pypi.org/simple" }
dependencies = [
    { name = "altgraph" },
    { name = "macholib", marker = "sys_platform == 'darwin'" },
    { name = "packaging" },
    { name = "pefile", marker = "sys_platform == 'win32'" },
    { name = "pyinstaller-hooks-contrib" },
    { name = "pywin32-ctypes", marker = "sys_platform == 'win32'" },
    { name = "setuptools" },
]
sdist = { url = "https://files.pythonhosted.org/packages/46/60/d03d52e6690d4e9caf333dcd14550cde634ce6c118b3bc8fa3112c3186fd/pyinstaller-6.20.0.tar.gz", hash = "sha256:95c5c7e03d5d61e9dfb8ef259c699cf492bb1041beb6dbe83696608cec07347a", size = 4048728, upload-time = "2026-04-22T20:59:36.96Z" }
wheels = [
    { url = "https://files.pythonhosted.org/packages/d0/e4/e228d6d1bbb7fd62dc660a8fb202a583b023d3a3624ca95d1a9290ee4d6a/pyinstaller-6.20.0-py3-none-macosx_10_13_universal2.whl", hash = "sha256:bf3be4e1284ee78ddccba5e29f99443a12a7b4673168288ffc4c9d38c6f7b90e", size = 1047642, upload-time = "2026-04-22T20:58:32.006Z" },
    { url = "https://files.pythonhosted.org/packages/ce/bd/afb631bcb3f9040efebd4f6d067f0828b51710818f69fb41a2d4b7787f52/pyinstaller-6.20.0-py3-none-manylinux2014_aarch64.whl", hash = "sha256:72ae9c1fdea134afa791f58bdc9a1934d5c7609753c111e0026bfc272b32b712", size = 742494, upload-time = "2026-04-22T20:58:36.285Z" },
    { url = "https://files.pythonhosted.org/packages/76/08/0729a5bac14754150e5d83b39d87d842eb42b0bffcaa03dbad6252e23a39/pyinstaller-6.20.0-py3-none-manylinux2014_i686.whl", hash = "sha256:1031bcc307f3fbeffd4e162723e64d46dbf591c82dd0997413afb2a07328b941", size = 754191, upload-time = "2026-04-22T20:58:40.603Z" },
    { url = "https://files.pythonhosted.org/packages/e6/82/bc0ee4c7b97db1958eb651e0da9fb1e672e5ae53ca8867fd97701de52906/pyinstaller-6.20.0-py3-none-manylinux2014_ppc64le.whl", hash = "sha256:8df3b3f347659fa2562d8d193a98ad4600133b8b8d07c268df89e4154376750e", size = 751902, upload-time = "2026-04-22T20:58:44.7Z" },
    { url = "https://files.pythonhosted.org/packages/3d/e7/770002d6aaa54173881cb2c49bb195ba67b97bf39bac1cdf320f28401629/pyinstaller-6.20.0-py3-none-manylinux2014_s390x.whl", hash = "sha256:b0d3cc9dd8120d448459bd3880a12e2f9774c51443af49047801446377999a59", size = 748634, upload-time = "2026-04-22T20:58:48.579Z" },
    { url = "https://files.pythonhosted.org/packages/fe/db/68ba1fccb71278b2124fb90b37b7c8c0bc4c1173fba45b94466df3d9cb7f/pyinstaller-6.20.0-py3-none-manylinux2014_x86_64.whl", hash = "sha256:03696bb6350177c6bc23bcaf78e71a33c4a89b6754dd90d1be2f318e978c918b", size = 748490, upload-time = "2026-04-22T20:58:52.749Z" },
    { url = "https://files.pythonhosted.org/packages/03/0f/ac77ffa996a56be3d5c8f85734a007f8347240691657f9704e7de2527fa3/pyinstaller-6.20.0-py3-none-musllinux_1_1_aarch64.whl", hash = "sha256:6357f1699f6af84f37e7367f031d4f68abdba65543b83990c9e8f5a4cebed0b7", size = 747650, upload-time = "2026-04-22T20:58:57.093Z" },
    { url = "https://files.pythonhosted.org/packages/e0/56/1ee91c3a2bc10ca1f36da10a6fd55ff7efc4dec367171eb25992a827874f/pyinstaller-6.20.0-py3-none-musllinux_1_1_x86_64.whl", hash = "sha256:0ab39c690abad26ba148e8f664f0478acc82a733997f4f22e757774832802da9", size = 747413, upload-time = "2026-04-22T20:59:01.174Z" },
    { url = "https://files.pythonhosted.org/packages/d7/55/ae264339996953c4cdf9d89d916a0a8fa26a83cf917a742fff8b9d5f3fe8/pyinstaller-6.20.0-py3-none-win32.whl", hash = "sha256:9a7637e8e44b4387b13667fdcaac86ab6b29c446c16d34d8401539b81838759c", size = 1331584, upload-time = "2026-04-22T20:59:07.201Z" },
    { url = "https://files.pythonhosted.org/packages/76/8c/300f57578882cce259bfb5ae56fda3b69caa3fe9df40a176c719920ea6e2/pyinstaller-6.20.0-py3-none-win_amd64.whl", hash = "sha256:d588844e890ee80c4365867f98146636e1849bbca8e4284bbf0c809aff0f161a", size = 1391851, upload-time = "2026-04-22T20:59:14.024Z" },
    { url = "https://files.pythonhosted.org/packages/8a/ea/b2f8e1642aecda78c0b75c7321f708e49e10bb3c00dd4f148c40761a1527/pyinstaller-6.20.0-py3-none-win_arm64.whl", hash = "sha256:bd53282c0a73e5c95573e1ddc8e5d564d4932bec91efbaed4dc5fdff9c2ae7f2", size = 1332259, upload-time = "2026-04-22T20:59:20.509Z" },
]

[[package]]
name = "pyinstaller-hooks-contrib"
version = "2026.5"
source = { registry = "https://pypi.org/simple" }
dependencies = [
    { name = "packaging" },
    { name = "setuptools" },
]
sdist = { url = "https://files.pythonhosted.org/packages/1a/67/f4452d68793fb15beba4f19ef39a38a8822f0da7452b503c400d5a21f5c1/pyinstaller_hooks_contrib-2026.5.tar.gz", hash = "sha256:f066dfca8f7c45ff6336c9cf9fe25b4e48bfeb322a1aa24faaedfb8a8d1b0b08", size = 173689, upload-time = "2026-05-04T22:36:55.124Z" }
wheels = [
    { url = "https://files.pythonhosted.org/packages/f6/5c/fd465d11da4d12b50d7eb5d2ee2ceb780d8d049dbb489f3828d131e387af/pyinstaller_hooks_contrib-2026.5-py3-none-any.whl", hash = "sha256:ea1535783fbdac4626351709e83f3ea80b681d3a4745763ebb407b5e27342eb9", size = 457314, upload-time = "2026-05-04T22:36:53.598Z" },
]

[[package]]
name = "pyvips"
version = "3.1.1"
source = { registry = "https://pypi.org/simple" }
dependencies = [
    { name = "cffi" },
]
sdist = { url = "https://files.pythonhosted.org/packages/2d/6a/282936de9faac6addf6bc8792c18e006489d0023ffd8856b8643f54d0558/pyvips-3.1.1.tar.gz", hash = "sha256:84fe744d023b1084ac2516bb17064cacd41c7f8aabf8e524dd383534941b9301", size = 56951, upload-time = "2025-12-09T18:38:06.355Z" }

[package.optional-dependencies]
binary = [
    { name = "pyvips-binary" },
]

[[package]]
name = "pyvips-binary"
version = "8.18.2"
source = { registry = "https://pypi.org/simple" }
dependencies = [
    { name = "cffi" },
]
sdist = { url = "https://files.pythonhosted.org/packages/1c/55/38f745761aeb1726a9bb02ca9d05a1751e0acf5953d06631386e44718333/pyvips_binary-8.18.2.tar.gz", hash = "sha256:603d64f35390b10945dbe4b8184f513de48af6e074f21f077c14d723d43472c4", size = 3822, upload-time = "2026-04-03T18:52:06.888Z" }
wheels = [
    { url = "https://files.pythonhosted.org/packages/ab/b0/e7e3f00d1908007769007da306c51c4507448dabcc95025a530ec017958a/pyvips_binary-8.18.2-cp37-abi3-macosx_10_15_x86_64.whl", hash = "sha256:c195ef12834ffa0a266f0c56f4058dcdee510b9a34e1d91b6eea4f4ee28a5fab", size = 8479277, upload-time = "2026-04-03T18:51:47.397Z" },
    { url = "https://files.pythonhosted.org/packages/17/ad/30937ce6006c8cfc7209a4040201803570495c97339a8412d863cc83f13a/pyvips_binary-8.18.2-cp37-abi3-macosx_11_0_arm64.whl", hash = "sha256:9bc45eb1a37076ca88a11df069dae066b7d9f22e01105bedb7cacf9883ec583f", size = 7585020, upload-time = "2026-04-03T18:51:49.493Z" },
    { url = "https://files.pythonhosted.org/packages/41/28/21063b9be92f9cae68f991bab0e0806fa519b378dbd1a12344d3025819c9/pyvips_binary-8.18.2-cp37-abi3-manylinux_2_28_aarch64.whl", hash = "sha256:bfd329f1e53d5e32525ed1478ddf308b78b0105696e25aed0609a74394536b89", size = 7818567, upload-time = "2026-04-03T18:51:51.418Z" },
    { url = "https://files.pythonhosted.org/packages/13/48/e9b6a816cde78f0d21d0506f25ba3c287998c8566ae6fe99ea5944122e5e/pyvips_binary-8.18.2-cp37-abi3-manylinux_2_28_armv7l.manylinux_2_31_armv7l.whl", hash = "sha256:c4f9b066ed4ddfd326c2e113542a865475075d447fd4095dd47edc64fbe0dba5", size = 7535206, upload-time = "2026-04-03T18:51:53.111Z" },
    { url = "https://files.pythonhosted.org/packages/44/7f/a975168aa59fe133617c31312f344ca5e6846c413bc1e48000c082e25586/pyvips_binary-8.18.2-cp37-abi3-manylinux_2_28_x86_64.whl", hash = "sha256:eca17299dd1f5593922d52f88da3d78097faac0d27f4598a976d5dd9bc0eb9d3", size = 7763525, upload-time = "2026-04-03T18:51:55.315Z" },
    { url = "https://files.pythonhosted.org/packages/9f/2f/22c18b200ab6bf6bea0e31f825daf496e60ef787b3663eb098302e7f5323/pyvips_binary-8.18.2-cp37-abi3-musllinux_1_2_aarch64.whl", hash = "sha256:691941c6e384f582a72cabaebe49efefcd4eb5793d4dd1e06113f5899dbfa50b", size = 7878137, upload-time = "2026-04-03T18:51:57.661Z" },
    { url = "https://files.pythonhosted.org/packages/6b/53/f5969e402b0094a530633294281334f5ed494d0856b71bdf1ac2000450e5/pyvips_binary-8.18.2-cp37-abi3-musllinux_1_2_x86_64.whl", hash = "sha256:10b422558db573375a899ba39a502ba055dfc87c64fb472f2bac0ec3e04a78a9", size = 7785097, upload-time = "2026-04-03T18:51:59.496Z" },
    { url = "https://files.pythonhosted.org/packages/1e/28/f98613a2de0c7987e3218b0a5819e6156569e116cd15c5d5d514c9d70c44/pyvips_binary-8.18.2-cp37-abi3-win32.whl", hash = "sha256:e8cb606a357c1a9dc8248e88f27155bb3010964819ccf282dd59d240473a67d5", size = 8395704, upload-time = "2026-04-03T18:52:01.435Z" },
    { url = "https://files.pythonhosted.org/packages/88/31/47b912c443a6b9cefbccd409566250e0f0a5667abe3db8b700d95ad45c44/pyvips_binary-8.18.2-cp37-abi3-win_amd64.whl", hash = "sha256:985342e39d5fab6d5192f734bc64f3edc95bca0847c568896d1dade0fe492ee6", size = 8343719, upload-time = "2026-04-03T18:52:03.449Z" },
    { url = "https://files.pythonhosted.org/packages/20/80/e8982a521e6c0c567264c14975052c21908d6588c8b35f7a847ecb318f8a/pyvips_binary-8.18.2-cp37-abi3-win_arm64.whl", hash = "sha256:f8c373285e586aab67020505786daf43e76d755c88f62bfca4c350a2c6f352ec", size = 7537820, upload-time = "2026-04-03T18:52:05.224Z" },
]

[[package]]
name = "pywin32-ctypes"
version = "0.2.3"
source = { registry = "https://pypi.org/simple" }
sdist = { url = "https://files.pythonhosted.org/packages/85/9f/01a1a99704853cb63f253eea009390c88e7131c67e66a0a02099a8c917cb/pywin32-ctypes-0.2.3.tar.gz", hash = "sha256:d162dc04946d704503b2edc4d55f3dba5c1d539ead017afa00142c38b9885755", size = 29471, upload-time = "2024-08-14T10:15:34.626Z" }
wheels = [
    { url = "https://files.pythonhosted.org/packages/de/3d/8161f7711c017e01ac9f008dfddd9410dff3674334c233bde66e7ba65bbf/pywin32_ctypes-0.2.3-py3-none-any.whl", hash = "sha256:8a1513379d709975552d202d942d9837758905c8d01eb82b8bcc30918929e7b8", size = 30756, upload-time = "2024-08-14T10:15:33.187Z" },
]

[[package]]
name = "rich"
version = "15.0.0"
source = { registry = "https://pypi.org/simple" }
dependencies = [
    { name = "markdown-it-py" },
    { name = "pygments" },
]
sdist = { url = "https://files.pythonhosted.org/packages/c0/8f/0722ca900cc807c13a6a0c696dacf35430f72e0ec571c4275d2371fca3e9/rich-15.0.0.tar.gz", hash = "sha256:edd07a4824c6b40189fb7ac9bc4c52536e9780fbbfbddf6f1e2502c31b068c36", size = 230680, upload-time = "2026-04-12T08:24:00.75Z" }
wheels = [
    { url = "https://files.pythonhosted.org/packages/82/3b/64d4899d73f91ba49a8c18a8ff3f0ea8f1c1d75481760df8c68ef5235bf5/rich-15.0.0-py3-none-any.whl", hash = "sha256:33bd4ef74232fb73fe9279a257718407f169c09b78a87ad3d296f548e27de0bb", size = 310654, upload-time = "2026-04-12T08:24:02.83Z" },
]

[[package]]
name = "setuptools"
version = "82.0.1"
source = { registry = "https://pypi.org/simple" }
sdist = { url = "https://files.pythonhosted.org/packages/4f/db/cfac1baf10650ab4d1c111714410d2fbb77ac5a616db26775db562c8fab2/setuptools-82.0.1.tar.gz", hash = "sha256:7d872682c5d01cfde07da7bccc7b65469d3dca203318515ada1de5eda35efbf9", size = 1152316, upload-time = "2026-03-09T12:47:17.221Z" }
wheels = [
    { url = "https://files.pythonhosted.org/packages/9d/76/f789f7a86709c6b087c5a2f52f911838cad707cc613162401badc665acfe/setuptools-82.0.1-py3-none-any.whl", hash = "sha256:a59e362652f08dcd477c78bb6e7bd9d80a7995bc73ce773050228a348ce2e5bb", size = 1006223, upload-time = "2026-03-09T12:47:15.026Z" },
]

[[package]]
name = "shellingham"
version = "1.5.4"
source = { registry = "https://pypi.org/simple" }
sdist = { url = "https://files.pythonhosted.org/packages/58/15/8b3609fd3830ef7b27b655beb4b4e9c62313a4e8da8c676e142cc210d58e/shellingham-1.5.4.tar.gz", hash = "sha256:8dbca0739d487e5bd35ab3ca4b36e11c4078f3a234bfce294b0a0291363404de", size = 10310, upload-time = "2023-10-24T04:13:40.426Z" }
wheels = [
    { url = "https://files.pythonhosted.org/packages/e0/f9/0595336914c5619e5f28a1fb793285925a8cd4b432c9da0a987836c7f822/shellingham-1.5.4-py2.py3-none-any.whl", hash = "sha256:7ecfff8f2fd72616f7481040475a65b2bf8af90a56c89140852d1120324e8686", size = 9755, upload-time = "2023-10-24T04:13:38.866Z" },
]

[[package]]
name = "typer"
version = "0.26.7"
source = { registry = "https://pypi.org/simple" }
dependencies = [
    { name = "annotated-doc" },
    { name = "colorama", marker = "sys_platform == 'win32'" },
    { name = "rich" },
    { name = "shellingham" },
]
sdist = { url = "https://files.pythonhosted.org/packages/5e/ed/ef06584ccdd5c410df0837951ecd7e15d9a6144ea1bd4c73cecab1a89891/typer-0.26.7.tar.gz", hash = "sha256:e314a34c617e419c091b2830dda3ea1f257134ff593061a8f5b9717ab8dddb3a", size = 201709, upload-time = "2026-06-03T07:18:06.843Z" }
wheels = [
    { url = "https://files.pythonhosted.org/packages/24/25/2201973529af2c954de0bb725323c3aaed6d7f0ceee8f550dec9185df013/typer-0.26.7-py3-none-any.whl", hash = "sha256:5c87cfbc5d34491c5346ebf49c23e18d56ccb863268d3a8d592b26087c2f5e58", size = 122456, upload-time = "2026-06-03T07:18:05.732Z" },
]
